# This file is automatically @generated by Cargo.
# It is not intended for manual editing.
version = 3

[[package]]
name = "lang-c"
version = "0.11.0"
source = "registry+https://github.com/rust-lang/crates.io-index"
checksum = "a402480a9a8d5a8b6348ddb87bc7e7d16a0899086b5c6ba9ff6df622e9f4692a"

[[package]]
name = "teecap-c"
version = "0.1.0"
dependencies = [
 "lang-c",
]
